
Microsoft Visual Studio Solution File, Format Version 12.00
Project("{FAE04EC0-301F-11D3-BF4B-00C04F79EFBC}") = "EmailSender.Api", "EmailSender.Api\EmailSender.Api.csproj", "{DFC3CEC5-4C0F-4CA8-9EB4-239172CD0CBC}"
EndProject
Project("{FAE04EC0-301F-11D3-BF4B-00C04F79EFBC}") = "EmailSender.Domain", "EmailSender.Domain\EmailSender.Domain.csproj", "{578AD5AC-68B4-4584-AB3D-6EF718CF706F}"
EndProject
Project("{FAE04EC0-301F-11D3-BF4B-00C04F79EFBC}") = "EmailSender.Core", "EmailSender.Core\EmailSender.Core.csproj", "{4433C716-81B9-4C5B-AD8D-4FE1C015EE1B}"
EndProject
Project("{FAE04EC0-301F-11D3-BF4B-00C04F79EFBC}") = "EmailSender.SendLogic", "EmailSender.SendLogic\EmailSender.SendLogic.csproj", "{9246BFBC-776E-41FD-8898-75D288973747}"
EndProject
Global
	GlobalSection(SolutionConfigurationPlatforms) = preSolution
		Debug|Any CPU = Debug|Any CPU
		Release|Any CPU = Release|Any CPU
	EndGlobalSection
	GlobalSection(ProjectConfigurationPlatforms) = postSolution
		{DFC3CEC5-4C0F-4CA8-9EB4-239172CD0CBC}.Debug|Any CPU.ActiveCfg = Debug|Any CPU
		{DFC3CEC5-4C0F-4CA8-9EB4-239172CD0CBC}.Debug|Any CPU.Build.0 = Debug|Any CPU
		{DFC3CEC5-4C0F-4CA8-9EB4-239172CD0CBC}.Release|Any CPU.ActiveCfg = Release|Any CPU
		{DFC3CEC5-4C0F-4CA8-9EB4-239172CD0CBC}.Release|Any CPU.Build.0 = Release|Any CPU
		{578AD5AC-68B4-4584-AB3D-6EF718CF706F}.Debug|Any CPU.ActiveCfg = Debug|Any CPU
		{578AD5AC-68B4-4584-AB3D-6EF718CF706F}.Debug|Any CPU.Build.0 = Debug|Any CPU
		{578AD5AC-68B4-4584-AB3D-6EF718CF706F}.Release|Any CPU.ActiveCfg = Release|Any CPU
		{578AD5AC-68B4-4584-AB3D-6EF718CF706F}.Release|Any CPU.Build.0 = Release|Any CPU
		{4433C716-81B9-4C5B-AD8D-4FE1C015EE1B}.Debug|Any CPU.ActiveCfg = Debug|Any CPU
		{4433C716-81B9-4C5B-AD8D-4FE1C015EE1B}.Debug|Any CPU.Build.0 = Debug|Any CPU
		{4433C716-81B9-4C5B-AD8D-4FE1C015EE1B}.Release|Any CPU.ActiveCfg = Release|Any CPU
		{4433C716-81B9-4C5B-AD8D-4FE1C015EE1B}.Release|Any CPU.Build.0 = Release|Any CPU
		{9246BFBC-776E-41FD-8898-75D288973747}.Debug|Any CPU.ActiveCfg = Debug|Any CPU
		{9246BFBC-776E-41FD-8898-75D288973747}.Debug|Any CPU.Build.0 = Debug|Any CPU
		{9246BFBC-776E-41FD-8898-75D288973747}.Release|Any CPU.ActiveCfg = Release|Any CPU
		{9246BFBC-776E-41FD-8898-75D288973747}.Release|Any CPU.Build.0 = Release|Any CPU
	EndGlobalSection
EndGlobal
