
Microsoft Visual Studio Solution File, Format Version 12.00
Project("{FAE04EC0-301F-11D3-BF4B-00C04F79EFBC}") = "Contracts", "Contracts\Contracts.csproj", "{48498776-F655-4996-898D-D225FB2B698B}"
EndProject
Global
	GlobalSection(SolutionConfigurationPlatforms) = preSolution
		Debug|Any CPU = Debug|Any CPU
		Release|Any CPU = Release|Any CPU
	EndGlobalSection
	GlobalSection(ProjectConfigurationPlatforms) = postSolution
		{48498776-F655-4996-898D-D225FB2B698B}.Debug|Any CPU.ActiveCfg = Debug|Any CPU
		{48498776-F655-4996-898D-D225FB2B698B}.Debug|Any CPU.Build.0 = Debug|Any CPU
		{48498776-F655-4996-898D-D225FB2B698B}.Release|Any CPU.ActiveCfg = Release|Any CPU
		{48498776-F655-4996-898D-D225FB2B698B}.Release|Any CPU.Build.0 = Release|Any CPU
	EndGlobalSection
EndGlobal
